
Microsoft Visual Studio Solution File, Format Version 12.00
Project("{FAE04EC0-301F-11D3-BF4B-00C04F79EFBC}") = "dotnettest", "dotnettest\dotnettest.csproj", "{630B078F-634C-4B06-BF97-03D064B1102B}"
EndProject
Global
	GlobalSection(SolutionConfigurationPlatforms) = preSolution
		Debug|Any CPU = Debug|Any CPU
		Release|Any CPU = Release|Any CPU
	EndGlobalSection
	GlobalSection(ProjectConfigurationPlatforms) = postSolution
		{630B078F-634C-4B06-BF97-03D064B1102B}.Debug|Any CPU.ActiveCfg = Debug|Any CPU
		{630B078F-634C-4B06-BF97-03D064B1102B}.Debug|Any CPU.Build.0 = Debug|Any CPU
		{630B078F-634C-4B06-BF97-03D064B1102B}.Release|Any CPU.ActiveCfg = Release|Any CPU
		{630B078F-634C-4B06-BF97-03D064B1102B}.Release|Any CPU.Build.0 = Release|Any CPU
	EndGlobalSection
EndGlobal
